
Microsoft Visual Studio Solution File, Format Version 12.00
# Visual Studio Version 17
VisualStudioVersion = 17.14.36603.0 d17.14
MinimumVisualStudioVersion = 10.0.40219.1
Project("{FAE04EC0-301F-11D3-BF4B-00C04F79EFBC}") = "dotnetrestoretest", "dotnetrestoretest\dotnetrestoretest.csproj", "{05E30B74-9C38-429A-BD9A-D328B781BC96}"
EndProject
Global
	GlobalSection(SolutionConfigurationPlatforms) = preSolution
		Debug|Any CPU = Debug|Any CPU
		Release|Any CPU = Release|Any CPU
	EndGlobalSection
	GlobalSection(ProjectConfigurationPlatforms) = postSolution
		{05E30B74-9C38-429A-BD9A-D328B781BC96}.Debug|Any CPU.ActiveCfg = Debug|Any CPU
		{05E30B74-9C38-429A-BD9A-D328B781BC96}.Debug|Any CPU.Build.0 = Debug|Any CPU
		{05E30B74-9C38-429A-BD9A-D328B781BC96}.Release|Any CPU.ActiveCfg = Release|Any CPU
		{05E30B74-9C38-429A-BD9A-D328B781BC96}.Release|Any CPU.Build.0 = Release|Any CPU
	EndGlobalSection
	GlobalSection(SolutionProperties) = preSolution
		HideSolutionNode = FALSE
	EndGlobalSection
	GlobalSection(ExtensibilityGlobals) = postSolution
		SolutionGuid = {A6E80CCD-EDCD-45F6-9953-650F5F5B8A10}
	EndGlobalSection
EndGlobal
